
Microsoft Visual Studio Solution File, Format Version 12.00
# Visual Studio Version 17
VisualStudioVersion = 17.14.36408.4
MinimumVisualStudioVersion = 10.0.40219.1
Project("{FAE04EC0-301F-11D3-BF4B-00C04F79EFBC}") = "Monivus.HealthChecks", "Monivus.HealthChecks\Monivus.HealthChecks.csproj", "{3BD38F74-48C9-49F3-8306-C5A46F68A1AD}"
EndProject
Project("{FAE04EC0-301F-11D3-BF4B-00C04F79EFBC}") = "Monivus.ApiTest", "Monivus.ApiTest\Monivus.ApiTest.csproj", "{DC548EA3-49F3-4D26-9058-2494A233DDAA}"
EndProject
Project("{FAE04EC0-301F-11D3-BF4B-00C04F79EFBC}") = "Monivus.HealthChecks.SqlServer", "Monivus.HealthChecks.SqlServer\Monivus.HealthChecks.SqlServer.csproj", "{6AFF3403-9CD7-4F22-9436-00555B8975CC}"
EndProject
Project("{FAE04EC0-301F-11D3-BF4B-00C04F79EFBC}") = "Monivus.HealthChecks.Hangfire", "Monivus.HealthChecks.Hangfire\Monivus.HealthChecks.Hangfire.csproj", "{EA8717F5-242D-43A8-A4E9-8BEFB7EBB770}"
EndProject
Project("{FAE04EC0-301F-11D3-BF4B-00C04F79EFBC}") = "Monivus.HealthChecks.Redis", "Monivus.HealthChecks.Redis\Monivus.HealthChecks.Redis.csproj", "{4920093B-8542-4708-832C-0ADF37C2030D}"
EndProject
Project("{FAE04EC0-301F-11D3-BF4B-00C04F79EFBC}") = "Monivus.HealthChecks.Exporter", "Monivus.HealthChecks.Exporter\Monivus.HealthChecks.Exporter.csproj", "{34EDE71A-B476-46A3-9866-89D8AC8CB2B2}"
EndProject
Global
	GlobalSection(SolutionConfigurationPlatforms) = preSolution
		Debug|Any CPU = Debug|Any CPU
		Debug|x64 = Debug|x64
		Debug|x86 = Debug|x86
		Release|Any CPU = Release|Any CPU
		Release|x64 = Release|x64
		Release|x86 = Release|x86
	EndGlobalSection
	GlobalSection(ProjectConfigurationPlatforms) = postSolution
		{3BD38F74-48C9-49F3-8306-C5A46F68A1AD}.Debug|Any CPU.ActiveCfg = Debug|Any CPU
		{3BD38F74-48C9-49F3-8306-C5A46F68A1AD}.Debug|Any CPU.Build.0 = Debug|Any CPU
		{3BD38F74-48C9-49F3-8306-C5A46F68A1AD}.Debug|x64.ActiveCfg = Debug|Any CPU
		{3BD38F74-48C9-49F3-8306-C5A46F68A1AD}.Debug|x64.Build.0 = Debug|Any CPU
		{3BD38F74-48C9-49F3-8306-C5A46F68A1AD}.Debug|x86.ActiveCfg = Debug|Any CPU
		{3BD38F74-48C9-49F3-8306-C5A46F68A1AD}.Debug|x86.Build.0 = Debug|Any CPU
		{3BD38F74-48C9-49F3-8306-C5A46F68A1AD}.Release|Any CPU.ActiveCfg = Release|Any CPU
		{3BD38F74-48C9-49F3-8306-C5A46F68A1AD}.Release|Any CPU.Build.0 = Release|Any CPU
		{3BD38F74-48C9-49F3-8306-C5A46F68A1AD}.Release|x64.ActiveCfg = Release|Any CPU
		{3BD38F74-48C9-49F3-8306-C5A46F68A1AD}.Release|x64.Build.0 = Release|Any CPU
		{3BD38F74-48C9-49F3-8306-C5A46F68A1AD}.Release|x86.ActiveCfg = Release|Any CPU
		{3BD38F74-48C9-49F3-8306-C5A46F68A1AD}.Release|x86.Build.0 = Release|Any CPU
		{DC548EA3-49F3-4D26-9058-2494A233DDAA}.Debug|Any CPU.ActiveCfg = Debug|Any CPU
		{DC548EA3-49F3-4D26-9058-2494A233DDAA}.Debug|Any CPU.Build.0 = Debug|Any CPU
		{DC548EA3-49F3-4D26-9058-2494A233DDAA}.Debug|x64.ActiveCfg = Debug|Any CPU
		{DC548EA3-49F3-4D26-9058-2494A233DDAA}.Debug|x64.Build.0 = Debug|Any CPU
		{DC548EA3-49F3-4D26-9058-2494A233DDAA}.Debug|x86.ActiveCfg = Debug|Any CPU
		{DC548EA3-49F3-4D26-9058-2494A233DDAA}.Debug|x86.Build.0 = Debug|Any CPU
		{DC548EA3-49F3-4D26-9058-2494A233DDAA}.Release|Any CPU.ActiveCfg = Release|Any CPU
		{DC548EA3-49F3-4D26-9058-2494A233DDAA}.Release|Any CPU.Build.0 = Release|Any CPU
		{DC548EA3-49F3-4D26-9058-2494A233DDAA}.Release|x64.ActiveCfg = Release|Any CPU
		{DC548EA3-49F3-4D26-9058-2494A233DDAA}.Release|x64.Build.0 = Release|Any CPU
		{DC548EA3-49F3-4D26-9058-2494A233DDAA}.Release|x86.ActiveCfg = Release|Any CPU
		{DC548EA3-49F3-4D26-9058-2494A233DDAA}.Release|x86.Build.0 = Release|Any CPU
		{6AFF3403-9CD7-4F22-9436-00555B8975CC}.Debug|Any CPU.ActiveCfg = Debug|Any CPU
		{6AFF3403-9CD7-4F22-9436-00555B8975CC}.Debug|Any CPU.Build.0 = Debug|Any CPU
		{6AFF3403-9CD7-4F22-9436-00555B8975CC}.Debug|x64.ActiveCfg = Debug|Any CPU
		{6AFF3403-9CD7-4F22-9436-00555B8975CC}.Debug|x64.Build.0 = Debug|Any CPU
		{6AFF3403-9CD7-4F22-9436-00555B8975CC}.Debug|x86.ActiveCfg = Debug|Any CPU
		{6AFF3403-9CD7-4F22-9436-00555B8975CC}.Debug|x86.Build.0 = Debug|Any CPU
		{6AFF3403-9CD7-4F22-9436-00555B8975CC}.Release|Any CPU.ActiveCfg = Release|Any CPU
		{6AFF3403-9CD7-4F22-9436-00555B8975CC}.Release|Any CPU.Build.0 = Release|Any CPU
		{6AFF3403-9CD7-4F22-9436-00555B8975CC}.Release|x64.ActiveCfg = Release|Any CPU
		{6AFF3403-9CD7-4F22-9436-00555B8975CC}.Release|x64.Build.0 = Release|Any CPU
		{6AFF3403-9CD7-4F22-9436-00555B8975CC}.Release|x86.ActiveCfg = Release|Any CPU
		{6AFF3403-9CD7-4F22-9436-00555B8975CC}.Release|x86.Build.0 = Release|Any CPU
		{EA8717F5-242D-43A8-A4E9-8BEFB7EBB770}.Debug|Any CPU.ActiveCfg = Debug|Any CPU
		{EA8717F5-242D-43A8-A4E9-8BEFB7EBB770}.Debug|Any CPU.Build.0 = Debug|Any CPU
		{EA8717F5-242D-43A8-A4E9-8BEFB7EBB770}.Debug|x64.ActiveCfg = Debug|Any CPU
		{EA8717F5-242D-43A8-A4E9-8BEFB7EBB770}.Debug|x64.Build.0 = Debug|Any CPU
		{EA8717F5-242D-43A8-A4E9-8BEFB7EBB770}.Debug|x86.ActiveCfg = Debug|Any CPU
		{EA8717F5-242D-43A8-A4E9-8BEFB7EBB770}.Debug|x86.Build.0 = Debug|Any CPU
		{EA8717F5-242D-43A8-A4E9-8BEFB7EBB770}.Release|Any CPU.ActiveCfg = Release|Any CPU
		{EA8717F5-242D-43A8-A4E9-8BEFB7EBB770}.Release|Any CPU.Build.0 = Release|Any CPU
		{EA8717F5-242D-43A8-A4E9-8BEFB7EBB770}.Release|x64.ActiveCfg = Release|Any CPU
		{EA8717F5-242D-43A8-A4E9-8BEFB7EBB770}.Release|x64.Build.0 = Release|Any CPU
		{EA8717F5-242D-43A8-A4E9-8BEFB7EBB770}.Release|x86.ActiveCfg = Release|Any CPU
		{EA8717F5-242D-43A8-A4E9-8BEFB7EBB770}.Release|x86.Build.0 = Release|Any CPU
		{4920093B-8542-4708-832C-0ADF37C2030D}.Debug|Any CPU.ActiveCfg = Debug|Any CPU
		{4920093B-8542-4708-832C-0ADF37C2030D}.Debug|Any CPU.Build.0 = Debug|Any CPU
		{4920093B-8542-4708-832C-0ADF37C2030D}.Debug|x64.ActiveCfg = Debug|Any CPU
		{4920093B-8542-4708-832C-0ADF37C2030D}.Debug|x64.Build.0 = Debug|Any CPU
		{4920093B-8542-4708-832C-0ADF37C2030D}.Debug|x86.ActiveCfg = Debug|Any CPU
		{4920093B-8542-4708-832C-0ADF37C2030D}.Debug|x86.Build.0 = Debug|Any CPU
		{4920093B-8542-4708-832C-0ADF37C2030D}.Release|Any CPU.ActiveCfg = Release|Any CPU
		{4920093B-8542-4708-832C-0ADF37C2030D}.Release|Any CPU.Build.0 = Release|Any CPU
		{4920093B-8542-4708-832C-0ADF37C2030D}.Release|x64.ActiveCfg = Release|Any CPU
		{4920093B-8542-4708-832C-0ADF37C2030D}.Release|x64.Build.0 = Release|Any CPU
		{4920093B-8542-4708-832C-0ADF37C2030D}.Release|x86.ActiveCfg = Release|Any CPU
		{4920093B-8542-4708-832C-0ADF37C2030D}.Release|x86.Build.0 = Release|Any CPU
		{34EDE71A-B476-46A3-9866-89D8AC8CB2B2}.Debug|Any CPU.ActiveCfg = Debug|Any CPU
		{34EDE71A-B476-46A3-9866-89D8AC8CB2B2}.Debug|Any CPU.Build.0 = Debug|Any CPU
		{34EDE71A-B476-46A3-9866-89D8AC8CB2B2}.Debug|x64.ActiveCfg = Debug|Any CPU
		{34EDE71A-B476-46A3-9866-89D8AC8CB2B2}.Debug|x64.Build.0 = Debug|Any CPU
		{34EDE71A-B476-46A3-9866-89D8AC8CB2B2}.Debug|x86.ActiveCfg = Debug|Any CPU
		{34EDE71A-B476-46A3-9866-89D8AC8CB2B2}.Debug|x86.Build.0 = Debug|Any CPU
		{34EDE71A-B476-46A3-9866-89D8AC8CB2B2}.Release|Any CPU.ActiveCfg = Release|Any CPU
		{34EDE71A-B476-46A3-9866-89D8AC8CB2B2}.Release|Any CPU.Build.0 = Release|Any CPU
		{34EDE71A-B476-46A3-9866-89D8AC8CB2B2}.Release|x64.ActiveCfg = Release|Any CPU
		{34EDE71A-B476-46A3-9866-89D8AC8CB2B2}.Release|x64.Build.0 = Release|Any CPU
		{34EDE71A-B476-46A3-9866-89D8AC8CB2B2}.Release|x86.ActiveCfg = Release|Any CPU
		{34EDE71A-B476-46A3-9866-89D8AC8CB2B2}.Release|x86.Build.0 = Release|Any CPU
	EndGlobalSection
	GlobalSection(SolutionProperties) = preSolution
		HideSolutionNode = FALSE
	EndGlobalSection
	GlobalSection(ExtensibilityGlobals) = postSolution
		SolutionGuid = {E091C59C-F147-4654-A9BD-750BDC53D2C9}
	EndGlobalSection
EndGlobal
